// !$*UTF8*$!
{
	archiveVersion = 1;
	classes = {
	};
	objectVersion = 56;
	objects = {

/* Begin PBXBuildFile section */
		0A313A952C3918D600622542 /* Follower.swift in Sources */ = {isa = PBXBuildFile; fileRef = 0A313A942C3918D600622542 /* Follower.swift */; };
		0A313A972C391ADC00622542 /* User.swift in Sources */ = {isa = PBXBuildFile; fileRef = 0A313A962C391ADC00622542 /* User.swift */; };
		0A34E5332C034E65007DE513 /* AppDelegate.swift in Sources */ = {isa = PBXBuildFile; fileRef = 0A34E5322C034E65007DE513 /* AppDelegate.swift */; };
		0A34E5352C034E65007DE513 /* SceneDelegate.swift in Sources */ = {isa = PBXBuildFile; fileRef = 0A34E5342C034E65007DE513 /* SceneDelegate.swift */; };
		0A34E5372C034E65007DE513 /* ViewController.swift in Sources */ = {isa = PBXBuildFile; fileRef = 0A34E5362C034E65007DE513 /* ViewController.swift */; };
		0A34E53C2C034E67007DE513 /* Assets.xcassets in Resources */ = {isa = PBXBuildFile; fileRef = 0A34E53B2C034E67007DE513 /* Assets.xcassets */; };
		0A34E53F2C034E67007DE513 /* Base in Resources */ = {isa = PBXBuildFile; fileRef = 0A34E53E2C034E67007DE513 /* Base */; };
		0A34E5472C035AB2007DE513 /* SearchVC.swift in Sources */ = {isa = PBXBuildFile; fileRef = 0A34E5462C035AB1007DE513 /* SearchVC.swift */; };
		0A34E5492C035B99007DE513 /* FavoritesListVC.swift in Sources */ = {isa = PBXBuildFile; fileRef = 0A34E5482C035B99007DE513 /* FavoritesListVC.swift */; };
		0A34E54B2C03A271007DE513 /* GFButton.swift in Sources */ = {isa = PBXBuildFile; fileRef = 0A34E54A2C03A271007DE513 /* GFButton.swift */; };
		0A34E54D2C03A7BE007DE513 /* GFTextField.swift in Sources */ = {isa = PBXBuildFile; fileRef = 0A34E54C2C03A7BE007DE513 /* GFTextField.swift */; };
		0A45745C2C0B32A0008DCD02 /* FollowerListVC.swift in Sources */ = {isa = PBXBuildFile; fileRef = 0A45745B2C0B32A0008DCD02 /* FollowerListVC.swift */; };
		0A45745E2C0CA8E0008DCD02 /* GFTitleLabel.swift in Sources */ = {isa = PBXBuildFile; fileRef = 0A45745D2C0CA8E0008DCD02 /* GFTitleLabel.swift */; };
		0A731B612C4AA05300A019A5 /* GFAlertContainerView.swift in Sources */ = {isa = PBXBuildFile; fileRef = 0A731B602C4AA05300A019A5 /* GFAlertContainerView.swift */; };
		0A731B632C4AA8AC00A019A5 /* GFDataLoadingVC.swift in Sources */ = {isa = PBXBuildFile; fileRef = 0A731B622C4AA8AC00A019A5 /* GFDataLoadingVC.swift */; };
		0A80DDDF2C46A1C500A8C85A /* GFEmptyStateView.swift in Sources */ = {isa = PBXBuildFile; fileRef = 0A80DDDE2C46A1C500A8C85A /* GFEmptyStateView.swift */; };
		0A80DDE12C46E2C300A8C85A /* UserInfoVC.swift in Sources */ = {isa = PBXBuildFile; fileRef = 0A80DDE02C46E2C300A8C85A /* UserInfoVC.swift */; };
		0A80DDE32C47D60100A8C85A /* GFUserInfoHeaderVC.swift in Sources */ = {isa = PBXBuildFile; fileRef = 0A80DDE22C47D60100A8C85A /* GFUserInfoHeaderVC.swift */; };
		0A80DDE52C47D68E00A8C85A /* GFSeconderyLabel.swift in Sources */ = {isa = PBXBuildFile; fileRef = 0A80DDE42C47D68E00A8C85A /* GFSeconderyLabel.swift */; };
		0A80DDE72C47FBFE00A8C85A /* Constants.swift in Sources */ = {isa = PBXBuildFile; fileRef = 0A80DDE62C47FBFE00A8C85A /* Constants.swift */; };
		0A80DDE92C48EFA700A8C85A /* GFItemInfoView.swift in Sources */ = {isa = PBXBuildFile; fileRef = 0A80DDE82C48EFA700A8C85A /* GFItemInfoView.swift */; };
		0A80DDEB2C48F73A00A8C85A /* GFItemInfoVC.swift in Sources */ = {isa = PBXBuildFile; fileRef = 0A80DDEA2C48F73900A8C85A /* GFItemInfoVC.swift */; };
		0A80DDED2C49049F00A8C85A /* GFRepoItemVC.swift in Sources */ = {isa = PBXBuildFile; fileRef = 0A80DDEC2C49049F00A8C85A /* GFRepoItemVC.swift */; };
		0A80DDEF2C49076400A8C85A /* GFFollowerItemVC.swift in Sources */ = {isa = PBXBuildFile; fileRef = 0A80DDEE2C49076400A8C85A /* GFFollowerItemVC.swift */; };
		0A80DDF22C49232100A8C85A /* Date+Ext.swift in Sources */ = {isa = PBXBuildFile; fileRef = 0A80DDF12C49232100A8C85A /* Date+Ext.swift */; };
		0A80DDF62C4A7A6B00A8C85A /* PersistenceManager.swift in Sources */ = {isa = PBXBuildFile; fileRef = 0A80DDF52C4A7A6B00A8C85A /* PersistenceManager.swift */; };
		0A80DDF82C4A8A1000A8C85A /* FavoriteCell.swift in Sources */ = {isa = PBXBuildFile; fileRef = 0A80DDF72C4A8A1000A8C85A /* FavoriteCell.swift */; };
		0A80DDFB2C4A973000A8C85A /* GFTabBarController.swift in Sources */ = {isa = PBXBuildFile; fileRef = 0A80DDFA2C4A973000A8C85A /* GFTabBarController.swift */; };
		0ACB53792C10590C00805BBA /* GFBodyLabel.swift in Sources */ = {isa = PBXBuildFile; fileRef = 0ACB53782C10590B00805BBA /* GFBodyLabel.swift */; };
		0ACB537B2C1059CB00805BBA /* GFAlertVC.swift in Sources */ = {isa = PBXBuildFile; fileRef = 0ACB537A2C1059CB00805BBA /* GFAlertVC.swift */; };
		0ACB537D2C1060FE00805BBA /* UIViewController+Ext.swift in Sources */ = {isa = PBXBuildFile; fileRef = 0ACB537C2C1060FE00805BBA /* UIViewController+Ext.swift */; };
		0AD44F702C3944960072A20B /* NetworkManager.swift in Sources */ = {isa = PBXBuildFile; fileRef = 0AD44F6F2C3944960072A20B /* NetworkManager.swift */; };
		0AD44F732C3D59E20072A20B /* GFError.swift in Sources */ = {isa = PBXBuildFile; fileRef = 0AD44F722C3D59E20072A20B /* GFError.swift */; };
		0AD44F762C416BE80072A20B /* FollowerCell.swift in Sources */ = {isa = PBXBuildFile; fileRef = 0AD44F752C416BE80072A20B /* FollowerCell.swift */; };
		0AD44F782C416D1E0072A20B /* GFAvatarImageView.swift in Sources */ = {isa = PBXBuildFile; fileRef = 0AD44F772C416D1E0072A20B /* GFAvatarImageView.swift */; };
		0AD44F7A2C4277370072A20B /* UIHelper.swift in Sources */ = {isa = PBXBuildFile; fileRef = 0AD44F792C4277370072A20B /* UIHelper.swift */; };
		0AE2E3992C4F7AFD0070D806 /* UITableView+Ext.swift in Sources */ = {isa = PBXBuildFile; fileRef = 0AE2E3982C4F7AFD0070D806 /* UITableView+Ext.swift */; };
/* End PBXBuildFile section */

/* Begin PBXFileReference section */
		0A313A942C3918D600622542 /* Follower.swift */ = {isa = PBXFileReference; lastKnownFileType = sourcecode.swift; path = Follower.swift; sourceTree = "<group>"; };
		0A313A962C391ADC00622542 /* User.swift */ = {isa = PBXFileReference; lastKnownFileType = sourcecode.swift; path = User.swift; sourceTree = "<group>"; };
		0A34E52F2C034E65007DE513 /* GHFollowers.app */ = {isa = PBXFileReference; explicitFileType = wrapper.application; includeInIndex = 0; path = GHFollowers.app; sourceTree = BUILT_PRODUCTS_DIR; };
		0A34E5322C034E65007DE513 /* AppDelegate.swift */ = {isa = PBXFileReference; lastKnownFileType = sourcecode.swift; path = AppDelegate.swift; sourceTree = "<group>"; };
		0A34E5342C034E65007DE513 /* SceneDelegate.swift */ = {isa = PBXFileReference; lastKnownFileType = sourcecode.swift; path = SceneDelegate.swift; sourceTree = "<group>"; };
		0A34E5362C034E65007DE513 /* ViewController.swift */ = {isa = PBXFileReference; lastKnownFileType = sourcecode.swift; path = ViewController.swift; sourceTree = "<group>"; };
		0A34E53B2C034E67007DE513 /* Assets.xcassets */ = {isa = PBXFileReference; lastKnownFileType = folder.assetcatalog; path = Assets.xcassets; sourceTree = "<group>"; };
		0A34E53E2C034E67007DE513 /* Base */ = {isa = PBXFileReference; lastKnownFileType = file.storyboard; name = Base; path = Base.lproj/LaunchScreen.storyboard; sourceTree = "<group>"; };
		0A34E5402C034E67007DE513 /* Info.plist */ = {isa = PBXFileReference; lastKnownFileType = text.plist.xml; path = Info.plist; sourceTree = "<group>"; };
		0A34E5462C035AB1007DE513 /* SearchVC.swift */ = {isa = PBXFileReference; lastKnownFileType = sourcecode.swift; path = SearchVC.swift; sourceTree = "<group>"; };
		0A34E5482C035B99007DE513 /* FavoritesListVC.swift */ = {isa = PBXFileReference; lastKnownFileType = sourcecode.swift; path = FavoritesListVC.swift; sourceTree = "<group>"; };
		0A34E54A2C03A271007DE513 /* GFButton.swift */ = {isa = PBXFileReference; lastKnownFileType = sourcecode.swift; path = GFButton.swift; sourceTree = "<group>"; };
		0A34E54C2C03A7BE007DE513 /* GFTextField.swift */ = {isa = PBXFileReference; lastKnownFileType = sourcecode.swift; path = GFTextField.swift; sourceTree = "<group>"; };
		0A45745B2C0B32A0008DCD02 /* FollowerListVC.swift */ = {isa = PBXFileReference; lastKnownFileType = sourcecode.swift; path = FollowerListVC.swift; sourceTree = "<group>"; };
		0A45745D2C0CA8E0008DCD02 /* GFTitleLabel.swift */ = {isa = PBXFileReference; lastKnownFileType = sourcecode.swift; path = GFTitleLabel.swift; sourceTree = "<group>"; };
		0A731B602C4AA05300A019A5 /* GFAlertContainerView.swift */ = {isa = PBXFileReference; lastKnownFileType = sourcecode.swift; name = GFAlertContainerView.swift; path = GHFollowers/CustomViews/Buttons/GFAlertContainerView.swift; sourceTree = SOURCE_ROOT; };
		0A731B622C4AA8AC00A019A5 /* GFDataLoadingVC.swift */ = {isa = PBXFileReference; lastKnownFileType = sourcecode.swift; path = GFDataLoadingVC.swift; sourceTree = "<group>"; };
		0A80DDDE2C46A1C500A8C85A /* GFEmptyStateView.swift */ = {isa = PBXFileReference; lastKnownFileType = sourcecode.swift; path = GFEmptyStateView.swift; sourceTree = "<group>"; };
		0A80DDE02C46E2C300A8C85A /* UserInfoVC.swift */ = {isa = PBXFileReference; lastKnownFileType = sourcecode.swift; path = UserInfoVC.swift; sourceTree = "<group>"; };
		0A80DDE22C47D60100A8C85A /* GFUserInfoHeaderVC.swift */ = {isa = PBXFileReference; lastKnownFileType = sourcecode.swift; path = GFUserInfoHeaderVC.swift; sourceTree = "<group>"; };
		0A80DDE42C47D68E00A8C85A /* GFSeconderyLabel.swift */ = {isa = PBXFileReference; lastKnownFileType = sourcecode.swift; path = GFSeconderyLabel.swift; sourceTree = "<group>"; };
		0A80DDE62C47FBFE00A8C85A /* Constants.swift */ = {isa = PBXFileReference; lastKnownFileType = sourcecode.swift; path = Constants.swift; sourceTree = "<group>"; };
		0A80DDE82C48EFA700A8C85A /* GFItemInfoView.swift */ = {isa = PBXFileReference; lastKnownFileType = sourcecode.swift; path = GFItemInfoView.swift; sourceTree = "<group>"; };
		0A80DDEA2C48F73900A8C85A /* GFItemInfoVC.swift */ = {isa = PBXFileReference; lastKnownFileType = sourcecode.swift; path = GFItemInfoVC.swift; sourceTree = "<group>"; };
		0A80DDEC2C49049F00A8C85A /* GFRepoItemVC.swift */ = {isa = PBXFileReference; lastKnownFileType = sourcecode.swift; path = GFRepoItemVC.swift; sourceTree = "<group>"; };
		0A80DDEE2C49076400A8C85A /* GFFollowerItemVC.swift */ = {isa = PBXFileReference; lastKnownFileType = sourcecode.swift; path = GFFollowerItemVC.swift; sourceTree = "<group>"; };
		0A80DDF12C49232100A8C85A /* Date+Ext.swift */ = {isa = PBXFileReference; lastKnownFileType = sourcecode.swift; path = "Date+Ext.swift"; sourceTree = "<group>"; };
		0A80DDF52C4A7A6B00A8C85A /* PersistenceManager.swift */ = {isa = PBXFileReference; lastKnownFileType = sourcecode.swift; path = PersistenceManager.swift; sourceTree = "<group>"; };
		0A80DDF72C4A8A1000A8C85A /* FavoriteCell.swift */ = {isa = PBXFileReference; lastKnownFileType = sourcecode.swift; path = FavoriteCell.swift; sourceTree = "<group>"; };
		0A80DDFA2C4A973000A8C85A /* GFTabBarController.swift */ = {isa = PBXFileReference; lastKnownFileType = sourcecode.swift; path = GFTabBarController.swift; sourceTree = "<group>"; };
		0ACB53782C10590B00805BBA /* GFBodyLabel.swift */ = {isa = PBXFileReference; lastKnownFileType = sourcecode.swift; path = GFBodyLabel.swift; sourceTree = "<group>"; };
		0ACB537A2C1059CB00805BBA /* GFAlertVC.swift */ = {isa = PBXFileReference; lastKnownFileType = sourcecode.swift; path = GFAlertVC.swift; sourceTree = "<group>"; };
		0ACB537C2C1060FE00805BBA /* UIViewController+Ext.swift */ = {isa = PBXFileReference; lastKnownFileType = sourcecode.swift; path = "UIViewController+Ext.swift"; sourceTree = "<group>"; };
		0AD44F6F2C3944960072A20B /* NetworkManager.swift */ = {isa = PBXFileReference; lastKnownFileType = sourcecode.swift; path = NetworkManager.swift; sourceTree = "<group>"; };
		0AD44F722C3D59E20072A20B /* GFError.swift */ = {isa = PBXFileReference; lastKnownFileType = sourcecode.swift; path = GFError.swift; sourceTree = "<group>"; };
		0AD44F752C416BE80072A20B /* FollowerCell.swift */ = {isa = PBXFileReference; lastKnownFileType = sourcecode.swift; path = FollowerCell.swift; sourceTree = "<group>"; };
		0AD44F772C416D1E0072A20B /* GFAvatarImageView.swift */ = {isa = PBXFileReference; lastKnownFileType = sourcecode.swift; path = GFAvatarImageView.swift; sourceTree = "<group>"; };
		0AD44F792C4277370072A20B /* UIHelper.swift */ = {isa = PBXFileReference; lastKnownFileType = sourcecode.swift; path = UIHelper.swift; sourceTree = "<group>"; };
		0AE2E3982C4F7AFD0070D806 /* UITableView+Ext.swift */ = {isa = PBXFileReference; lastKnownFileType = sourcecode.swift; path = "UITableView+Ext.swift"; sourceTree = "<group>"; };
/* End PBXFileReference section */

/* Begin PBXFrameworksBuildPhase section */
		0A34E52C2C034E65007DE513 /* Frameworks */ = {
			isa = PBXFrameworksBuildPhase;
			buildActionMask = 2147483647;
			files = (
			);
			runOnlyForDeploymentPostprocessing = 0;
		};
/* End PBXFrameworksBuildPhase section */

/* Begin PBXGroup section */
		0A313A932C3918BE00622542 /* Model */ = {
			isa = PBXGroup;
			children = (
				0A313A942C3918D600622542 /* Follower.swift */,
				0A313A962C391ADC00622542 /* User.swift */,
			);
			path = Model;
			sourceTree = "<group>";
		};
		0A34E5262C034E65007DE513 = {
			isa = PBXGroup;
			children = (
				0A34E5312C034E65007DE513 /* GHFollowers */,
				0A34E5302C034E65007DE513 /* Products */,
			);
			sourceTree = "<group>";
		};
		0A34E5302C034E65007DE513 /* Products */ = {
			isa = PBXGroup;
			children = (
				0A34E52F2C034E65007DE513 /* GHFollowers.app */,
			);
			name = Products;
			sourceTree = "<group>";
		};
		0A34E5312C034E65007DE513 /* GHFollowers */ = {
			isa = PBXGroup;
			children = (
				0AD44F6E2C3944840072A20B /* Managers */,
				0ACB537E2C10666D00805BBA /* Screens */,
				0ACB537F2C1066A200805BBA /* CustomViews */,
				0A313A932C3918BE00622542 /* Model */,
				0AD44F712C3D59B70072A20B /* Utilities */,
				0ACB53802C1066DF00805BBA /* Extention */,
				0ACB53812C10673E00805BBA /* Support */,
				0A34E5402C034E67007DE513 /* Info.plist */,
			);
			path = GHFollowers;
			sourceTree = "<group>";
		};
		0A80DDD72C46A0E000A8C85A /* Buttons */ = {
			isa = PBXGroup;
			children = (
				0A34E54A2C03A271007DE513 /* GFButton.swift */,
			);
			path = Buttons;
			sourceTree = "<group>";
		};
		0A80DDD82C46A0E700A8C85A /* Views */ = {
			isa = PBXGroup;
			children = (
				0A80DDDE2C46A1C500A8C85A /* GFEmptyStateView.swift */,
				0A80DDE82C48EFA700A8C85A /* GFItemInfoView.swift */,
				0A731B602C4AA05300A019A5 /* GFAlertContainerView.swift */,
			);
			path = Views;
			sourceTree = "<group>";
		};
		0A80DDD92C46A0F400A8C85A /* Labels */ = {
			isa = PBXGroup;
			children = (
				0ACB53782C10590B00805BBA /* GFBodyLabel.swift */,
				0A45745D2C0CA8E0008DCD02 /* GFTitleLabel.swift */,
				0A80DDE42C47D68E00A8C85A /* GFSeconderyLabel.swift */,
			);
			path = Labels;
			sourceTree = "<group>";
		};
		0A80DDDA2C46A10500A8C85A /* TextFields */ = {
			isa = PBXGroup;
			children = (
				0A34E54C2C03A7BE007DE513 /* GFTextField.swift */,
			);
			path = TextFields;
			sourceTree = "<group>";
		};
		0A80DDDC2C46A12800A8C85A /* ImageViews */ = {
			isa = PBXGroup;
			children = (
				0AD44F772C416D1E0072A20B /* GFAvatarImageView.swift */,
			);
			path = ImageViews;
			sourceTree = "<group>";
		};
		0A80DDDD2C46A16B00A8C85A /* ViewControllers */ = {
			isa = PBXGroup;
			children = (
				0A80DDF02C490BE900A8C85A /* ItemInfoVCs */,
				0ACB537A2C1059CB00805BBA /* GFAlertVC.swift */,
				0A80DDE22C47D60100A8C85A /* GFUserInfoHeaderVC.swift */,
				0A731B622C4AA8AC00A019A5 /* GFDataLoadingVC.swift */,
			);
			path = ViewControllers;
			sourceTree = "<group>";
		};
		0A80DDF02C490BE900A8C85A /* ItemInfoVCs */ = {
			isa = PBXGroup;
			children = (
				0A80DDEA2C48F73900A8C85A /* GFItemInfoVC.swift */,
				0A80DDEC2C49049F00A8C85A /* GFRepoItemVC.swift */,
				0A80DDEE2C49076400A8C85A /* GFFollowerItemVC.swift */,
			);
			path = ItemInfoVCs;
			sourceTree = "<group>";
		};
		0A80DDF92C4A96F000A8C85A /* TabBarControllers */ = {
			isa = PBXGroup;
			children = (
				0A80DDFA2C4A973000A8C85A /* GFTabBarController.swift */,
			);
			path = TabBarControllers;
			sourceTree = "<group>";
		};
		0ACB537E2C10666D00805BBA /* Screens */ = {
			isa = PBXGroup;
			children = (
				0A34E5462C035AB1007DE513 /* SearchVC.swift */,
				0A45745B2C0B32A0008DCD02 /* FollowerListVC.swift */,
				0A34E5482C035B99007DE513 /* FavoritesListVC.swift */,
				0A80DDE02C46E2C300A8C85A /* UserInfoVC.swift */,
			);
			path = Screens;
			sourceTree = "<group>";
		};
		0ACB537F2C1066A200805BBA /* CustomViews */ = {
			isa = PBXGroup;
			children = (
				0A80DDF92C4A96F000A8C85A /* TabBarControllers */,
				0A80DDDD2C46A16B00A8C85A /* ViewControllers */,
				0A80DDDC2C46A12800A8C85A /* ImageViews */,
				0A80DDDA2C46A10500A8C85A /* TextFields */,
				0A80DDD92C46A0F400A8C85A /* Labels */,
				0A80DDD82C46A0E700A8C85A /* Views */,
				0A80DDD72C46A0E000A8C85A /* Buttons */,
				0AD44F742C416BAD0072A20B /* Cells */,
			);
			path = CustomViews;
			sourceTree = "<group>";
		};
		0ACB53802C1066DF00805BBA /* Extention */ = {
			isa = PBXGroup;
			children = (
				0ACB537C2C1060FE00805BBA /* UIViewController+Ext.swift */,
				0A80DDF12C49232100A8C85A /* Date+Ext.swift */,
				0AE2E3982C4F7AFD0070D806 /* UITableView+Ext.swift */,
			);
			path = Extention;
			sourceTree = "<group>";
		};
		0ACB53812C10673E00805BBA /* Support */ = {
			isa = PBXGroup;
			children = (
				0A34E5322C034E65007DE513 /* AppDelegate.swift */,
				0A34E5342C034E65007DE513 /* SceneDelegate.swift */,
				0A34E5362C034E65007DE513 /* ViewController.swift */,
				0A34E53B2C034E67007DE513 /* Assets.xcassets */,
				0A34E53D2C034E67007DE513 /* LaunchScreen.storyboard */,
			);
			path = Support;
			sourceTree = "<group>";
		};
		0AD44F6E2C3944840072A20B /* Managers */ = {
			isa = PBXGroup;
			children = (
				0AD44F6F2C3944960072A20B /* NetworkManager.swift */,
				0A80DDF52C4A7A6B00A8C85A /* PersistenceManager.swift */,
			);
			path = Managers;
			sourceTree = "<group>";
		};
		0AD44F712C3D59B70072A20B /* Utilities */ = {
			isa = PBXGroup;
			children = (
				0AD44F722C3D59E20072A20B /* GFError.swift */,
				0AD44F792C4277370072A20B /* UIHelper.swift */,
				0A80DDE62C47FBFE00A8C85A /* Constants.swift */,
			);
			path = Utilities;
			sourceTree = "<group>";
		};
		0AD44F742C416BAD0072A20B /* Cells */ = {
			isa = PBXGroup;
			children = (
				0AD44F752C416BE80072A20B /* FollowerCell.swift */,
				0A80DDF72C4A8A1000A8C85A /* FavoriteCell.swift */,
			);
			path = Cells;
			sourceTree = "<group>";
		};
/* End PBXGroup section */

/* Begin PBXNativeTarget section */
		0A34E52E2C034E65007DE513 /* GHFollowers */ = {
			isa = PBXNativeTarget;
			buildConfigurationList = 0A34E5432C034E67007DE513 /* Build configuration list for PBXNativeTarget "GHFollowers" */;
			buildPhases = (
				0A34E52B2C034E65007DE513 /* Sources */,
				0A34E52C2C034E65007DE513 /* Frameworks */,
				0A34E52D2C034E65007DE513 /* Resources */,
			);
			buildRules = (
			);
			dependencies = (
			);
			name = GHFollowers;
			productName = GHFollowers;
			productReference = 0A34E52F2C034E65007DE513 /* GHFollowers.app */;
			productType = "com.apple.product-type.application";
		};
/* End PBXNativeTarget section */

/* Begin PBXProject section */
		0A34E5272C034E65007DE513 /* Project object */ = {
			isa = PBXProject;
			attributes = {
				BuildIndependentTargetsInParallel = 1;
				LastSwiftUpdateCheck = 1540;
				LastUpgradeCheck = 1540;
				TargetAttributes = {
					0A34E52E2C034E65007DE513 = {
						CreatedOnToolsVersion = 15.4;
					};
				};
			};
			buildConfigurationList = 0A34E52A2C034E65007DE513 /* Build configuration list for PBXProject "GHFollowers" */;
			compatibilityVersion = "Xcode 14.0";
			developmentRegion = en;
			hasScannedForEncodings = 0;
			knownRegions = (
				en,
				Base,
			);
			mainGroup = 0A34E5262C034E65007DE513;
			productRefGroup = 0A34E5302C034E65007DE513 /* Products */;
			projectDirPath = "";
			projectRoot = "";
			targets = (
				0A34E52E2C034E65007DE513 /* GHFollowers */,
			);
		};
/* End PBXProject section */

/* Begin PBXResourcesBuildPhase section */
		0A34E52D2C034E65007DE513 /* Resources */ = {
			isa = PBXResourcesBuildPhase;
			buildActionMask = 2147483647;
			files = (
				0A34E53C2C034E67007DE513 /* Assets.xcassets in Resources */,
				0A34E53F2C034E67007DE513 /* Base in Resources */,
			);
			runOnlyForDeploymentPostprocessing = 0;
		};
/* End PBXResourcesBuildPhase section */

/* Begin PBXSourcesBuildPhase section */
		0A34E52B2C034E65007DE513 /* Sources */ = {
			isa = PBXSourcesBuildPhase;
			buildActionMask = 2147483647;
			files = (
				0A34E5472C035AB2007DE513 /* SearchVC.swift in Sources */,
				0A34E5372C034E65007DE513 /* ViewController.swift in Sources */,
				0ACB537D2C1060FE00805BBA /* UIViewController+Ext.swift in Sources */,
				0A34E54B2C03A271007DE513 /* GFButton.swift in Sources */,
				0A34E5492C035B99007DE513 /* FavoritesListVC.swift in Sources */,
				0A80DDDF2C46A1C500A8C85A /* GFEmptyStateView.swift in Sources */,
				0A731B632C4AA8AC00A019A5 /* GFDataLoadingVC.swift in Sources */,
				0A34E5332C034E65007DE513 /* AppDelegate.swift in Sources */,
				0A313A972C391ADC00622542 /* User.swift in Sources */,
				0AD44F762C416BE80072A20B /* FollowerCell.swift in Sources */,
				0AD44F782C416D1E0072A20B /* GFAvatarImageView.swift in Sources */,
				0ACB537B2C1059CB00805BBA /* GFAlertVC.swift in Sources */,
				0A80DDE12C46E2C300A8C85A /* UserInfoVC.swift in Sources */,
				0A80DDFB2C4A973000A8C85A /* GFTabBarController.swift in Sources */,
				0A80DDF62C4A7A6B00A8C85A /* PersistenceManager.swift in Sources */,
				0A80DDF82C4A8A1000A8C85A /* FavoriteCell.swift in Sources */,
				0A80DDED2C49049F00A8C85A /* GFRepoItemVC.swift in Sources */,
				0A731B612C4AA05300A019A5 /* GFAlertContainerView.swift in Sources */,
				0A313A952C3918D600622542 /* Follower.swift in Sources */,
				0A80DDE52C47D68E00A8C85A /* GFSeconderyLabel.swift in Sources */,
				0A34E5352C034E65007DE513 /* SceneDelegate.swift in Sources */,
				0A45745E2C0CA8E0008DCD02 /* GFTitleLabel.swift in Sources */,
				0A45745C2C0B32A0008DCD02 /* FollowerListVC.swift in Sources */,
				0A80DDE32C47D60100A8C85A /* GFUserInfoHeaderVC.swift in Sources */,
				0A80DDEB2C48F73A00A8C85A /* GFItemInfoVC.swift in Sources */,
				0A80DDEF2C49076400A8C85A /* GFFollowerItemVC.swift in Sources */,
				0AD44F732C3D59E20072A20B /* GFError.swift in Sources */,
				0AD44F7A2C4277370072A20B /* UIHelper.swift in Sources */,
				0A80DDF22C49232100A8C85A /* Date+Ext.swift in Sources */,
				0AD44F702C3944960072A20B /* NetworkManager.swift in Sources */,
				0A34E54D2C03A7BE007DE513 /* GFTextField.swift in Sources */,
				0A80DDE92C48EFA700A8C85A /* GFItemInfoView.swift in Sources */,
				0AE2E3992C4F7AFD0070D806 /* UITableView+Ext.swift in Sources */,
				0ACB53792C10590C00805BBA /* GFBodyLabel.swift in Sources */,
				0A80DDE72C47FBFE00A8C85A /* Constants.swift in Sources */,
			);
			runOnlyForDeploymentPostprocessing = 0;
		};
/* End PBXSourcesBuildPhase section */

/* Begin PBXVariantGroup section */
		0A34E53D2C034E67007DE513 /* LaunchScreen.storyboard */ = {
			isa = PBXVariantGroup;
			children = (
				0A34E53E2C034E67007DE513 /* Base */,
			);
			name = LaunchScreen.storyboard;
			sourceTree = "<group>";
		};
/* End PBXVariantGroup section */

/* Begin XCBuildConfiguration section */
		0A34E5412C034E67007DE513 /* Debug */ = {
			isa = XCBuildConfiguration;
			buildSettings = {
				ALWAYS_SEARCH_USER_PATHS = NO;
				ASSETCATALOG_COMPILER_GENERATE_SWIFT_ASSET_SYMBOL_EXTENSIONS = YES;
				CLANG_ANALYZER_NONNULL = YES;
				CLANG_ANALYZER_NUMBER_OBJECT_CONVERSION = YES_AGGRESSIVE;
				CLANG_CXX_LANGUAGE_STANDARD = "gnu++20";
				CLANG_ENABLE_MODULES = YES;
				CLANG_ENABLE_OBJC_ARC = YES;
				CLANG_ENABLE_OBJC_WEAK = YES;
				CLANG_WARN_BLOCK_CAPTURE_AUTORELEASING = YES;
				CLANG_WARN_BOOL_CONVERSION = YES;
				CLANG_WARN_COMMA = YES;
				CLANG_WARN_CONSTANT_CONVERSION = YES;
				CLANG_WARN_DEPRECATED_OBJC_IMPLEMENTATIONS = YES;
				CLANG_WARN_DIRECT_OBJC_ISA_USAGE = YES_ERROR;
				CLANG_WARN_DOCUMENTATION_COMMENTS = YES;
				CLANG_WARN_EMPTY_BODY = YES;
				CLANG_WARN_ENUM_CONVERSION = YES;
				CLANG_WARN_INFINITE_RECURSION = YES;
				CLANG_WARN_INT_CONVERSION = YES;
				CLANG_WARN_NON_LITERAL_NULL_CONVERSION = YES;
				CLANG_WARN_OBJC_IMPLICIT_RETAIN_SELF = YES;
				CLANG_WARN_OBJC_LITERAL_CONVERSION = YES;
				CLANG_WARN_OBJC_ROOT_CLASS = YES_ERROR;
				CLANG_WARN_QUOTED_INCLUDE_IN_FRAMEWORK_HEADER = YES;
				CLANG_WARN_RANGE_LOOP_ANALYSIS = YES;
				CLANG_WARN_STRICT_PROTOTYPES = YES;
				CLANG_WARN_SUSPICIOUS_MOVE = YES;
				CLANG_WARN_UNGUARDED_AVAILABILITY = YES_AGGRESSIVE;
				CLANG_WARN_UNREACHABLE_CODE = YES;
				CLANG_WARN__DUPLICATE_METHOD_MATCH = YES;
				COPY_PHASE_STRIP = NO;
				DEBUG_INFORMATION_FORMAT = dwarf;
				ENABLE_STRICT_OBJC_MSGSEND = YES;
				ENABLE_TESTABILITY = YES;
				ENABLE_USER_SCRIPT_SANDBOXING = YES;
				GCC_C_LANGUAGE_STANDARD = gnu17;
				GCC_DYNAMIC_NO_PIC = NO;
				GCC_NO_COMMON_BLOCKS = YES;
				GCC_OPTIMIZATION_LEVEL = 0;
				GCC_PREPROCESSOR_DEFINITIONS = (
					"DEBUG=1",
					"$(inherited)",
				);
				GCC_WARN_64_TO_32_BIT_CONVERSION = YES;
				GCC_WARN_ABOUT_RETURN_TYPE = YES_ERROR;
				GCC_WARN_UNDECLARED_SELECTOR = YES;
				GCC_WARN_UNINITIALIZED_AUTOS = YES_AGGRESSIVE;
				GCC_WARN_UNUSED_FUNCTION = YES;
				GCC_WARN_UNUSED_VARIABLE = YES;
				IPHONEOS_DEPLOYMENT_TARGET = 17.5;
				LOCALIZATION_PREFERS_STRING_CATALOGS = YES;
				MTL_ENABLE_DEBUG_INFO = INCLUDE_SOURCE;
				MTL_FAST_MATH = YES;
				ONLY_ACTIVE_ARCH = YES;
				SDKROOT = iphoneos;
				SWIFT_ACTIVE_COMPILATION_CONDITIONS = "DEBUG $(inherited)";
				SWIFT_OPTIMIZATION_LEVEL = "-Onone";
			};
			name = Debug;
		};
		0A34E5422C034E67007DE513 /* Release */ = {
			isa = XCBuildConfiguration;
			buildSettings = {
				ALWAYS_SEARCH_USER_PATHS = NO;
				ASSETCATALOG_COMPILER_GENERATE_SWIFT_ASSET_SYMBOL_EXTENSIONS = YES;
				CLANG_ANALYZER_NONNULL = YES;
				CLANG_ANALYZER_NUMBER_OBJECT_CONVERSION = YES_AGGRESSIVE;
				CLANG_CXX_LANGUAGE_STANDARD = "gnu++20";
				CLANG_ENABLE_MODULES = YES;
				CLANG_ENABLE_OBJC_ARC = YES;
				CLANG_ENABLE_OBJC_WEAK = YES;
				CLANG_WARN_BLOCK_CAPTURE_AUTORELEASING = YES;
				CLANG_WARN_BOOL_CONVERSION = YES;
				CLANG_WARN_COMMA = YES;
				CLANG_WARN_CONSTANT_CONVERSION = YES;
				CLANG_WARN_DEPRECATED_OBJC_IMPLEMENTATIONS = YES;
				CLANG_WARN_DIRECT_OBJC_ISA_USAGE = YES_ERROR;
				CLANG_WARN_DOCUMENTATION_COMMENTS = YES;
				CLANG_WARN_EMPTY_BODY = YES;
				CLANG_WARN_ENUM_CONVERSION = YES;
				CLANG_WARN_INFINITE_RECURSION = YES;
				CLANG_WARN_INT_CONVERSION = YES;
				CLANG_WARN_NON_LITERAL_NULL_CONVERSION = YES;
				CLANG_WARN_OBJC_IMPLICIT_RETAIN_SELF = YES;
				CLANG_WARN_OBJC_LITERAL_CONVERSION = YES;
				CLANG_WARN_OBJC_ROOT_CLASS = YES_ERROR;
				CLANG_WARN_QUOTED_INCLUDE_IN_FRAMEWORK_HEADER = YES;
				CLANG_WARN_RANGE_LOOP_ANALYSIS = YES;
				CLANG_WARN_STRICT_PROTOTYPES = YES;
				CLANG_WARN_SUSPICIOUS_MOVE = YES;
				CLANG_WARN_UNGUARDED_AVAILABILITY = YES_AGGRESSIVE;
				CLANG_WARN_UNREACHABLE_CODE = YES;
				CLANG_WARN__DUPLICATE_METHOD_MATCH = YES;
				COPY_PHASE_STRIP = NO;
				DEBUG_INFORMATION_FORMAT = "dwarf-with-dsym";
				ENABLE_NS_ASSERTIONS = NO;
				ENABLE_STRICT_OBJC_MSGSEND = YES;
				ENABLE_USER_SCRIPT_SANDBOXING = YES;
				GCC_C_LANGUAGE_STANDARD = gnu17;
				GCC_NO_COMMON_BLOCKS = YES;
				GCC_WARN_64_TO_32_BIT_CONVERSION = YES;
				GCC_WARN_ABOUT_RETURN_TYPE = YES_ERROR;
				GCC_WARN_UNDECLARED_SELECTOR = YES;
				GCC_WARN_UNINITIALIZED_AUTOS = YES_AGGRESSIVE;
				GCC_WARN_UNUSED_FUNCTION = YES;
				GCC_WARN_UNUSED_VARIABLE = YES;
				IPHONEOS_DEPLOYMENT_TARGET = 17.5;
				LOCALIZATION_PREFERS_STRING_CATALOGS = YES;
				MTL_ENABLE_DEBUG_INFO = NO;
				MTL_FAST_MATH = YES;
				SDKROOT = iphoneos;
				SWIFT_COMPILATION_MODE = wholemodule;
				VALIDATE_PRODUCT = YES;
			};
			name = Release;
		};
		0A34E5442C034E67007DE513 /* Debug */ = {
			isa = XCBuildConfiguration;
			buildSettings = {
				ASSETCATALOG_COMPILER_APPICON_NAME = AppIcon;
				ASSETCATALOG_COMPILER_GLOBAL_ACCENT_COLOR_NAME = AccentColor;
				CODE_SIGN_STYLE = Automatic;
				CURRENT_PROJECT_VERSION = 1;
				DEVELOPMENT_TEAM = 6BSC4Y6DX5;
				GENERATE_INFOPLIST_FILE = YES;
				INFOPLIST_FILE = GHFollowers/Info.plist;
				INFOPLIST_KEY_UIApplicationSupportsIndirectInputEvents = YES;
				INFOPLIST_KEY_UILaunchStoryboardName = LaunchScreen;
				INFOPLIST_KEY_UISupportedInterfaceOrientations = UIInterfaceOrientationPortrait;
				INFOPLIST_KEY_UISupportedInterfaceOrientations_iPad = "UIInterfaceOrientationLandscapeRight UIInterfaceOrientationPortrait";
				IPHONEOS_DEPLOYMENT_TARGET = 17.5;
				LD_RUNPATH_SEARCH_PATHS = (
					"$(inherited)",
					"@executable_path/Frameworks",
				);
				MARKETING_VERSION = 1.0;
				PRODUCT_BUNDLE_IDENTIFIER = com.mabastu.GHFollowers;
				PRODUCT_NAME = "$(TARGET_NAME)";
				SUPPORTED_PLATFORMS = "iphoneos iphonesimulator";
				SUPPORTS_MACCATALYST = NO;
				SUPPORTS_MAC_DESIGNED_FOR_IPHONE_IPAD = NO;
				SUPPORTS_XR_DESIGNED_FOR_IPHONE_IPAD = NO;
				SWIFT_EMIT_LOC_STRINGS = YES;
				SWIFT_VERSION = 5.0;
				TARGETED_DEVICE_FAMILY = 1;
			};
			name = Debug;
		};
		0A34E5452C034E67007DE513 /* Release */ = {
			isa = XCBuildConfiguration;
			buildSettings = {
				ASSETCATALOG_COMPILER_APPICON_NAME = AppIcon;
				ASSETCATALOG_COMPILER_GLOBAL_ACCENT_COLOR_NAME = AccentColor;
				CODE_SIGN_STYLE = Automatic;
				CURRENT_PROJECT_VERSION = 1;
				DEVELOPMENT_TEAM = 6BSC4Y6DX5;
				GENERATE_INFOPLIST_FILE = YES;
				INFOPLIST_FILE = GHFollowers/Info.plist;
				INFOPLIST_KEY_UIApplicationSupportsIndirectInputEvents = YES;
				INFOPLIST_KEY_UILaunchStoryboardName = LaunchScreen;
				INFOPLIST_KEY_UISupportedInterfaceOrientations = UIInterfaceOrientationPortrait;
				INFOPLIST_KEY_UISupportedInterfaceOrientations_iPad = "UIInterfaceOrientationLandscapeRight UIInterfaceOrientationPortrait";
				IPHONEOS_DEPLOYMENT_TARGET = 17.5;
				LD_RUNPATH_SEARCH_PATHS = (
					"$(inherited)",
					"@executable_path/Frameworks",
				);
				MARKETING_VERSION = 1.0;
				PRODUCT_BUNDLE_IDENTIFIER = com.mabastu.GHFollowers;
				PRODUCT_NAME = "$(TARGET_NAME)";
				SUPPORTED_PLATFORMS = "iphoneos iphonesimulator";
				SUPPORTS_MACCATALYST = NO;
				SUPPORTS_MAC_DESIGNED_FOR_IPHONE_IPAD = NO;
				SUPPORTS_XR_DESIGNED_FOR_IPHONE_IPAD = NO;
				SWIFT_EMIT_LOC_STRINGS = YES;
				SWIFT_VERSION = 5.0;
				TARGETED_DEVICE_FAMILY = 1;
			};
			name = Release;
		};
/* End XCBuildConfiguration section */

/* Begin XCConfigurationList section */
		0A34E52A2C034E65007DE513 /* Build configuration list for PBXProject "GHFollowers" */ = {
			isa = XCConfigurationList;
			buildConfigurations = (
				0A34E5412C034E67007DE513 /* Debug */,
				0A34E5422C034E67007DE513 /* Release */,
			);
			defaultConfigurationIsVisible = 0;
			defaultConfigurationName = Release;
		};
		0A34E5432C034E67007DE513 /* Build configuration list for PBXNativeTarget "GHFollowers" */ = {
			isa = XCConfigurationList;
			buildConfigurations = (
				0A34E5442C034E67007DE513 /* Debug */,
				0A34E5452C034E67007DE513 /* Release */,
			);
			defaultConfigurationIsVisible = 0;
			defaultConfigurationName = Release;
		};
/* End XCConfigurationList section */
	};
	rootObject = 0A34E5272C034E65007DE513 /* Project object */;
}
